// !$*UTF8*$!
{
	archiveVersion = 1;
	classes = {
	};
	objectVersion = 56;
	objects = {

/* Begin PBXBuildFile section */
		38406D952AFA1AFA00D2C31F /* MemoGameModel.swift in Sources */ = {isa = PBXBuildFile; fileRef = 38406D942AFA1AFA00D2C31F /* MemoGameModel.swift */; };
		38406D972AFA1C0600D2C31F /* MemoGameViewModel.swift in Sources */ = {isa = PBXBuildFile; fileRef = 38406D962AFA1C0600D2C31F /* MemoGameViewModel.swift */; };
		3858F4812ADE572500D8D6A7 /* ThemeButton.swift in Sources */ = {isa = PBXBuildFile; fileRef = 3858F4802ADE572500D8D6A7 /* ThemeButton.swift */; };
		38655CBC2AD526820078F8F3 /* MemoryGameApp.swift in Sources */ = {isa = PBXBuildFile; fileRef = 38655CBB2AD526820078F8F3 /* MemoryGameApp.swift */; };
		38655CBE2AD526820078F8F3 /* ContentView.swift in Sources */ = {isa = PBXBuildFile; fileRef = 38655CBD2AD526820078F8F3 /* ContentView.swift */; };
		38655CC02AD526830078F8F3 /* Assets.xcassets in Resources */ = {isa = PBXBuildFile; fileRef = 38655CBF2AD526830078F8F3 /* Assets.xcassets */; };
		38655CC32AD526830078F8F3 /* Preview Assets.xcassets in Resources */ = {isa = PBXBuildFile; fileRef = 38655CC22AD526830078F8F3 /* Preview Assets.xcassets */; };
		38655CCD2AD526830078F8F3 /* MemoryGameTests.swift in Sources */ = {isa = PBXBuildFile; fileRef = 38655CCC2AD526830078F8F3 /* MemoryGameTests.swift */; };
		38655CD72AD526830078F8F3 /* MemoryGameUITests.swift in Sources */ = {isa = PBXBuildFile; fileRef = 38655CD62AD526830078F8F3 /* MemoryGameUITests.swift */; };
		38655CD92AD526830078F8F3 /* MemoryGameUITestsLaunchTests.swift in Sources */ = {isa = PBXBuildFile; fileRef = 38655CD82AD526830078F8F3 /* MemoryGameUITestsLaunchTests.swift */; };
		38655CE62AD526D10078F8F3 /* CardView.swift in Sources */ = {isa = PBXBuildFile; fileRef = 38655CE52AD526D10078F8F3 /* CardView.swift */; };
		38F8DC922AD5312E00F29FDA /* Navigation.swift in Sources */ = {isa = PBXBuildFile; fileRef = 38F8DC912AD5312E00F29FDA /* Navigation.swift */; };
/* End PBXBuildFile section */

/* Begin PBXContainerItemProxy section */
		38655CC92AD526830078F8F3 /* PBXContainerItemProxy */ = {
			isa = PBXContainerItemProxy;
			containerPortal = 38655CB02AD526820078F8F3 /* Project object */;
			proxyType = 1;
			remoteGlobalIDString = 38655CB72AD526820078F8F3;
			remoteInfo = MemoryGame;
		};
		38655CD32AD526830078F8F3 /* PBXContainerItemProxy */ = {
			isa = PBXContainerItemProxy;
			containerPortal = 38655CB02AD526820078F8F3 /* Project object */;
			proxyType = 1;
			remoteGlobalIDString = 38655CB72AD526820078F8F3;
			remoteInfo = MemoryGame;
		};
/* End PBXContainerItemProxy section */

/* Begin PBXFileReference section */
		38406D942AFA1AFA00D2C31F /* MemoGameModel.swift */ = {isa = PBXFileReference; lastKnownFileType = sourcecode.swift; path = MemoGameModel.swift; sourceTree = "<group>"; };
		38406D962AFA1C0600D2C31F /* MemoGameViewModel.swift */ = {isa = PBXFileReference; lastKnownFileType = sourcecode.swift; path = MemoGameViewModel.swift; sourceTree = "<group>"; };
		3858F4802ADE572500D8D6A7 /* ThemeButton.swift */ = {isa = PBXFileReference; lastKnownFileType = sourcecode.swift; path = ThemeButton.swift; sourceTree = "<group>"; };
		38655CB82AD526820078F8F3 /* MemoryGame.app */ = {isa = PBXFileReference; explicitFileType = wrapper.application; includeInIndex = 0; path = MemoryGame.app; sourceTree = BUILT_PRODUCTS_DIR; };
		38655CBB2AD526820078F8F3 /* MemoryGameApp.swift */ = {isa = PBXFileReference; lastKnownFileType = sourcecode.swift; path = MemoryGameApp.swift; sourceTree = "<group>"; };
		38655CBD2AD526820078F8F3 /* ContentView.swift */ = {isa = PBXFileReference; lastKnownFileType = sourcecode.swift; path = ContentView.swift; sourceTree = "<group>"; };
		38655CBF2AD526830078F8F3 /* Assets.xcassets */ = {isa = PBXFileReference; lastKnownFileType = folder.assetcatalog; path = Assets.xcassets; sourceTree = "<group>"; };
		38655CC22AD526830078F8F3 /* Preview Assets.xcassets */ = {isa = PBXFileReference; lastKnownFileType = folder.assetcatalog; path = "Preview Assets.xcassets"; sourceTree = "<group>"; };
		38655CC82AD526830078F8F3 /* MemoryGameTests.xctest */ = {isa = PBXFileReference; explicitFileType = wrapper.cfbundle; includeInIndex = 0; path = MemoryGameTests.xctest; sourceTree = BUILT_PRODUCTS_DIR; };
		38655CCC2AD526830078F8F3 /* MemoryGameTests.swift */ = {isa = PBXFileReference; lastKnownFileType = sourcecode.swift; path = MemoryGameTests.swift; sourceTree = "<group>"; };
		38655CD22AD526830078F8F3 /* MemoryGameUITests.xctest */ = {isa = PBXFileReference; explicitFileType = wrapper.cfbundle; includeInIndex = 0; path = MemoryGameUITests.xctest; sourceTree = BUILT_PRODUCTS_DIR; };
		38655CD62AD526830078F8F3 /* MemoryGameUITests.swift */ = {isa = PBXFileReference; lastKnownFileType = sourcecode.swift; path = MemoryGameUITests.swift; sourceTree = "<group>"; };
		38655CD82AD526830078F8F3 /* MemoryGameUITestsLaunchTests.swift */ = {isa = PBXFileReference; lastKnownFileType = sourcecode.swift; path = MemoryGameUITestsLaunchTests.swift; sourceTree = "<group>"; };
		38655CE52AD526D10078F8F3 /* CardView.swift */ = {isa = PBXFileReference; lastKnownFileType = sourcecode.swift; path = CardView.swift; sourceTree = "<group>"; };
		38F8DC912AD5312E00F29FDA /* Navigation.swift */ = {isa = PBXFileReference; lastKnownFileType = sourcecode.swift; path = Navigation.swift; sourceTree = "<group>"; };
/* End PBXFileReference section */

/* Begin PBXFrameworksBuildPhase section */
		38655CB52AD526820078F8F3 /* Frameworks */ = {
			isa = PBXFrameworksBuildPhase;
			buildActionMask = 2147483647;
			files = (
			);
			runOnlyForDeploymentPostprocessing = 0;
		};
		38655CC52AD526830078F8F3 /* Frameworks */ = {
			isa = PBXFrameworksBuildPhase;
			buildActionMask = 2147483647;
			files = (
			);
			runOnlyForDeploymentPostprocessing = 0;
		};
		38655CCF2AD526830078F8F3 /* Frameworks */ = {
			isa = PBXFrameworksBuildPhase;
			buildActionMask = 2147483647;
			files = (
			);
			runOnlyForDeploymentPostprocessing = 0;
		};
/* End PBXFrameworksBuildPhase section */

/* Begin PBXGroup section */
		38655CAF2AD526820078F8F3 = {
			isa = PBXGroup;
			children = (
				38655CBA2AD526820078F8F3 /* MemoryGame */,
				38655CCB2AD526830078F8F3 /* MemoryGameTests */,
				38655CD52AD526830078F8F3 /* MemoryGameUITests */,
				38655CB92AD526820078F8F3 /* Products */,
			);
			sourceTree = "<group>";
		};
		38655CB92AD526820078F8F3 /* Products */ = {
			isa = PBXGroup;
			children = (
				38655CB82AD526820078F8F3 /* MemoryGame.app */,
				38655CC82AD526830078F8F3 /* MemoryGameTests.xctest */,
				38655CD22AD526830078F8F3 /* MemoryGameUITests.xctest */,
			);
			name = Products;
			sourceTree = "<group>";
		};
		38655CBA2AD526820078F8F3 /* MemoryGame */ = {
			isa = PBXGroup;
			children = (
				38655CBB2AD526820078F8F3 /* MemoryGameApp.swift */,
				38655CBD2AD526820078F8F3 /* ContentView.swift */,
				3858F4802ADE572500D8D6A7 /* ThemeButton.swift */,
				38F8DC912AD5312E00F29FDA /* Navigation.swift */,
				38655CBF2AD526830078F8F3 /* Assets.xcassets */,
				38655CC12AD526830078F8F3 /* Preview Content */,
				38655CE52AD526D10078F8F3 /* CardView.swift */,
				38406D942AFA1AFA00D2C31F /* MemoGameModel.swift */,
				38406D962AFA1C0600D2C31F /* MemoGameViewModel.swift */,
			);
			path = MemoryGame;
			sourceTree = "<group>";
		};
		38655CC12AD526830078F8F3 /* Preview Content */ = {
			isa = PBXGroup;
			children = (
				38655CC22AD526830078F8F3 /* Preview Assets.xcassets */,
			);
			path = "Preview Content";
			sourceTree = "<group>";
		};
		38655CCB2AD526830078F8F3 /* MemoryGameTests */ = {
			isa = PBXGroup;
			children = (
				38655CCC2AD526830078F8F3 /* MemoryGameTests.swift */,
			);
			path = MemoryGameTests;
			sourceTree = "<group>";
		};
		38655CD52AD526830078F8F3 /* MemoryGameUITests */ = {
			isa = PBXGroup;
			children = (
				38655CD62AD526830078F8F3 /* MemoryGameUITests.swift */,
				38655CD82AD526830078F8F3 /* MemoryGameUITestsLaunchTests.swift */,
			);
			path = MemoryGameUITests;
			sourceTree = "<group>";
		};
/* End PBXGroup section */

/* Begin PBXNativeTarget section */
		38655CB72AD526820078F8F3 /* MemoryGame */ = {
			isa = PBXNativeTarget;
			buildConfigurationList = 38655CDC2AD526830078F8F3 /* Build configuration list for PBXNativeTarget "MemoryGame" */;
			buildPhases = (
				38655CB42AD526820078F8F3 /* Sources */,
				38655CB52AD526820078F8F3 /* Frameworks */,
				38655CB62AD526820078F8F3 /* Resources */,
			);
			buildRules = (
			);
			dependencies = (
			);
			name = MemoryGame;
			productName = MemoryGame;
			productReference = 38655CB82AD526820078F8F3 /* MemoryGame.app */;
			productType = "com.apple.product-type.application";
		};
		38655CC72AD526830078F8F3 /* MemoryGameTests */ = {
			isa = PBXNativeTarget;
			buildConfigurationList = 38655CDF2AD526830078F8F3 /* Build configuration list for PBXNativeTarget "MemoryGameTests" */;
			buildPhases = (
				38655CC42AD526830078F8F3 /* Sources */,
				38655CC52AD526830078F8F3 /* Frameworks */,
				38655CC62AD526830078F8F3 /* Resources */,
			);
			buildRules = (
			);
			dependencies = (
				38655CCA2AD526830078F8F3 /* PBXTargetDependency */,
			);
			name = MemoryGameTests;
			productName = MemoryGameTests;
			productReference = 38655CC82AD526830078F8F3 /* MemoryGameTests.xctest */;
			productType = "com.apple.product-type.bundle.unit-test";
		};
		38655CD12AD526830078F8F3 /* MemoryGameUITests */ = {
			isa = PBXNativeTarget;
			buildConfigurationList = 38655CE22AD526830078F8F3 /* Build configuration list for PBXNativeTarget "MemoryGameUITests" */;
			buildPhases = (
				38655CCE2AD526830078F8F3 /* Sources */,
				38655CCF2AD526830078F8F3 /* Frameworks */,
				38655CD02AD526830078F8F3 /* Resources */,
			);
			buildRules = (
			);
			dependencies = (
				38655CD42AD526830078F8F3 /* PBXTargetDependency */,
			);
			name = MemoryGameUITests;
			productName = MemoryGameUITests;
			productReference = 38655CD22AD526830078F8F3 /* MemoryGameUITests.xctest */;
			productType = "com.apple.product-type.bundle.ui-testing";
		};
/* End PBXNativeTarget section */

/* Begin PBXProject section */
		38655CB02AD526820078F8F3 /* Project object */ = {
			isa = PBXProject;
			attributes = {
				BuildIndependentTargetsInParallel = 1;
				LastSwiftUpdateCheck = 1500;
				LastUpgradeCheck = 1500;
				TargetAttributes = {
					38655CB72AD526820078F8F3 = {
						CreatedOnToolsVersion = 15.0;
					};
					38655CC72AD526830078F8F3 = {
						CreatedOnToolsVersion = 15.0;
						TestTargetID = 38655CB72AD526820078F8F3;
					};
					38655CD12AD526830078F8F3 = {
						CreatedOnToolsVersion = 15.0;
						TestTargetID = 38655CB72AD526820078F8F3;
					};
				};
			};
			buildConfigurationList = 38655CB32AD526820078F8F3 /* Build configuration list for PBXProject "MemoryGame" */;
			compatibilityVersion = "Xcode 14.0";
			developmentRegion = en;
			hasScannedForEncodings = 0;
			knownRegions = (
				en,
				Base,
			);
			mainGroup = 38655CAF2AD526820078F8F3;
			productRefGroup = 38655CB92AD526820078F8F3 /* Products */;
			projectDirPath = "";
			projectRoot = "";
			targets = (
				38655CB72AD526820078F8F3 /* MemoryGame */,
				38655CC72AD526830078F8F3 /* MemoryGameTests */,
				38655CD12AD526830078F8F3 /* MemoryGameUITests */,
			);
		};
/* End PBXProject section */

/* Begin PBXResourcesBuildPhase section */
		38655CB62AD526820078F8F3 /* Resources */ = {
			isa = PBXResourcesBuildPhase;
			buildActionMask = 2147483647;
			files = (
				38655CC32AD526830078F8F3 /* Preview Assets.xcassets in Resources */,
				38655CC02AD526830078F8F3 /* Assets.xcassets in Resources */,
			);
			runOnlyForDeploymentPostprocessing = 0;
		};
		38655CC62AD526830078F8F3 /* Resources */ = {
			isa = PBXResourcesBuildPhase;
			buildActionMask = 2147483647;
			files = (
			);
			runOnlyForDeploymentPostprocessing = 0;
		};
		38655CD02AD526830078F8F3 /* Resources */ = {
			isa = PBXResourcesBuildPhase;
			buildActionMask = 2147483647;
			files = (
			);
			runOnlyForDeploymentPostprocessing = 0;
		};
/* End PBXResourcesBuildPhase section */

/* Begin PBXSourcesBuildPhase section */
		38655CB42AD526820078F8F3 /* Sources */ = {
			isa = PBXSourcesBuildPhase;
			buildActionMask = 2147483647;
			files = (
				38655CBE2AD526820078F8F3 /* ContentView.swift in Sources */,
				38406D952AFA1AFA00D2C31F /* MemoGameModel.swift in Sources */,
				38406D972AFA1C0600D2C31F /* MemoGameViewModel.swift in Sources */,
				38655CE62AD526D10078F8F3 /* CardView.swift in Sources */,
				38655CBC2AD526820078F8F3 /* MemoryGameApp.swift in Sources */,
				38F8DC922AD5312E00F29FDA /* Navigation.swift in Sources */,
				3858F4812ADE572500D8D6A7 /* ThemeButton.swift in Sources */,
			);
			runOnlyForDeploymentPostprocessing = 0;
		};
		38655CC42AD526830078F8F3 /* Sources */ = {
			isa = PBXSourcesBuildPhase;
			buildActionMask = 2147483647;
			files = (
				38655CCD2AD526830078F8F3 /* MemoryGameTests.swift in Sources */,
			);
			runOnlyForDeploymentPostprocessing = 0;
		};
		38655CCE2AD526830078F8F3 /* Sources */ = {
			isa = PBXSourcesBuildPhase;
			buildActionMask = 2147483647;
			files = (
				38655CD72AD526830078F8F3 /* MemoryGameUITests.swift in Sources */,
				38655CD92AD526830078F8F3 /* MemoryGameUITestsLaunchTests.swift in Sources */,
			);
			runOnlyForDeploymentPostprocessing = 0;
		};
/* End PBXSourcesBuildPhase section */

/* Begin PBXTargetDependency section */
		38655CCA2AD526830078F8F3 /* PBXTargetDependency */ = {
			isa = PBXTargetDependency;
			target = 38655CB72AD526820078F8F3 /* MemoryGame */;
			targetProxy = 38655CC92AD526830078F8F3 /* PBXContainerItemProxy */;
		};
		38655CD42AD526830078F8F3 /* PBXTargetDependency */ = {
			isa = PBXTargetDependency;
			target = 38655CB72AD526820078F8F3 /* MemoryGame */;
			targetProxy = 38655CD32AD526830078F8F3 /* PBXContainerItemProxy */;
		};
/* End PBXTargetDependency section */

/* Begin XCBuildConfiguration section */
		38655CDA2AD526830078F8F3 /* Debug */ = {
			isa = XCBuildConfiguration;
			buildSettings = {
				ALWAYS_SEARCH_USER_PATHS = NO;
				ASSETCATALOG_COMPILER_GENERATE_SWIFT_ASSET_SYMBOL_EXTENSIONS = YES;
				CLANG_ANALYZER_NONNULL = YES;
				CLANG_ANALYZER_NUMBER_OBJECT_CONVERSION = YES_AGGRESSIVE;
				CLANG_CXX_LANGUAGE_STANDARD = "gnu++20";
				CLANG_ENABLE_MODULES = YES;
				CLANG_ENABLE_OBJC_ARC = YES;
				CLANG_ENABLE_OBJC_WEAK = YES;
				CLANG_WARN_BLOCK_CAPTURE_AUTORELEASING = YES;
				CLANG_WARN_BOOL_CONVERSION = YES;
				CLANG_WARN_COMMA = YES;
				CLANG_WARN_CONSTANT_CONVERSION = YES;
				CLANG_WARN_DEPRECATED_OBJC_IMPLEMENTATIONS = YES;
				CLANG_WARN_DIRECT_OBJC_ISA_USAGE = YES_ERROR;
				CLANG_WARN_DOCUMENTATION_COMMENTS = YES;
				CLANG_WARN_EMPTY_BODY = YES;
				CLANG_WARN_ENUM_CONVERSION = YES;
				CLANG_WARN_INFINITE_RECURSION = YES;
				CLANG_WARN_INT_CONVERSION = YES;
				CLANG_WARN_NON_LITERAL_NULL_CONVERSION = YES;
				CLANG_WARN_OBJC_IMPLICIT_RETAIN_SELF = YES;
				CLANG_WARN_OBJC_LITERAL_CONVERSION = YES;
				CLANG_WARN_OBJC_ROOT_CLASS = YES_ERROR;
				CLANG_WARN_QUOTED_INCLUDE_IN_FRAMEWORK_HEADER = YES;
				CLANG_WARN_RANGE_LOOP_ANALYSIS = YES;
				CLANG_WARN_STRICT_PROTOTYPES = YES;
				CLANG_WARN_SUSPICIOUS_MOVE = YES;
				CLANG_WARN_UNGUARDED_AVAILABILITY = YES_AGGRESSIVE;
				CLANG_WARN_UNREACHABLE_CODE = YES;
				CLANG_WARN__DUPLICATE_METHOD_MATCH = YES;
				COPY_PHASE_STRIP = NO;
				DEBUG_INFORMATION_FORMAT = dwarf;
				ENABLE_STRICT_OBJC_MSGSEND = YES;
				ENABLE_TESTABILITY = YES;
				ENABLE_USER_SCRIPT_SANDBOXING = YES;
				GCC_C_LANGUAGE_STANDARD = gnu17;
				GCC_DYNAMIC_NO_PIC = NO;
				GCC_NO_COMMON_BLOCKS = YES;
				GCC_OPTIMIZATION_LEVEL = 0;
				GCC_PREPROCESSOR_DEFINITIONS = (
					"DEBUG=1",
					"$(inherited)",
				);
				GCC_WARN_64_TO_32_BIT_CONVERSION = YES;
				GCC_WARN_ABOUT_RETURN_TYPE = YES_ERROR;
				GCC_WARN_UNDECLARED_SELECTOR = YES;
				GCC_WARN_UNINITIALIZED_AUTOS = YES_AGGRESSIVE;
				GCC_WARN_UNUSED_FUNCTION = YES;
				GCC_WARN_UNUSED_VARIABLE = YES;
				IPHONEOS_DEPLOYMENT_TARGET = 16.4;
				LOCALIZATION_PREFERS_STRING_CATALOGS = YES;
				MTL_ENABLE_DEBUG_INFO = INCLUDE_SOURCE;
				MTL_FAST_MATH = YES;
				ONLY_ACTIVE_ARCH = YES;
				SDKROOT = iphoneos;
				SWIFT_ACTIVE_COMPILATION_CONDITIONS = "DEBUG $(inherited)";
				SWIFT_OPTIMIZATION_LEVEL = "-Onone";
			};
			name = Debug;
		};
		38655CDB2AD526830078F8F3 /* Release */ = {
			isa = XCBuildConfiguration;
			buildSettings = {
				ALWAYS_SEARCH_USER_PATHS = NO;
				ASSETCATALOG_COMPILER_GENERATE_SWIFT_ASSET_SYMBOL_EXTENSIONS = YES;
				CLANG_ANALYZER_NONNULL = YES;
				CLANG_ANALYZER_NUMBER_OBJECT_CONVERSION = YES_AGGRESSIVE;
				CLANG_CXX_LANGUAGE_STANDARD = "gnu++20";
				CLANG_ENABLE_MODULES = YES;
				CLANG_ENABLE_OBJC_ARC = YES;
				CLANG_ENABLE_OBJC_WEAK = YES;
				CLANG_WARN_BLOCK_CAPTURE_AUTORELEASING = YES;
				CLANG_WARN_BOOL_CONVERSION = YES;
				CLANG_WARN_COMMA = YES;
				CLANG_WARN_CONSTANT_CONVERSION = YES;
				CLANG_WARN_DEPRECATED_OBJC_IMPLEMENTATIONS = YES;
				CLANG_WARN_DIRECT_OBJC_ISA_USAGE = YES_ERROR;
				CLANG_WARN_DOCUMENTATION_COMMENTS = YES;
				CLANG_WARN_EMPTY_BODY = YES;
				CLANG_WARN_ENUM_CONVERSION = YES;
				CLANG_WARN_INFINITE_RECURSION = YES;
				CLANG_WARN_INT_CONVERSION = YES;
				CLANG_WARN_NON_LITERAL_NULL_CONVERSION = YES;
				CLANG_WARN_OBJC_IMPLICIT_RETAIN_SELF = YES;
				CLANG_WARN_OBJC_LITERAL_CONVERSION = YES;
				CLANG_WARN_OBJC_ROOT_CLASS = YES_ERROR;
				CLANG_WARN_QUOTED_INCLUDE_IN_FRAMEWORK_HEADER = YES;
				CLANG_WARN_RANGE_LOOP_ANALYSIS = YES;
				CLANG_WARN_STRICT_PROTOTYPES = YES;
				CLANG_WARN_SUSPICIOUS_MOVE = YES;
				CLANG_WARN_UNGUARDED_AVAILABILITY = YES_AGGRESSIVE;
				CLANG_WARN_UNREACHABLE_CODE = YES;
				CLANG_WARN__DUPLICATE_METHOD_MATCH = YES;
				COPY_PHASE_STRIP = NO;
				DEBUG_INFORMATION_FORMAT = "dwarf-with-dsym";
				ENABLE_NS_ASSERTIONS = NO;
				ENABLE_STRICT_OBJC_MSGSEND = YES;
				ENABLE_USER_SCRIPT_SANDBOXING = YES;
				GCC_C_LANGUAGE_STANDARD = gnu17;
				GCC_NO_COMMON_BLOCKS = YES;
				GCC_WARN_64_TO_32_BIT_CONVERSION = YES;
				GCC_WARN_ABOUT_RETURN_TYPE = YES_ERROR;
				GCC_WARN_UNDECLARED_SELECTOR = YES;
				GCC_WARN_UNINITIALIZED_AUTOS = YES_AGGRESSIVE;
				GCC_WARN_UNUSED_FUNCTION = YES;
				GCC_WARN_UNUSED_VARIABLE = YES;
				IPHONEOS_DEPLOYMENT_TARGET = 16.4;
				LOCALIZATION_PREFERS_STRING_CATALOGS = YES;
				MTL_ENABLE_DEBUG_INFO = NO;
				MTL_FAST_MATH = YES;
				SDKROOT = iphoneos;
				SWIFT_COMPILATION_MODE = wholemodule;
				VALIDATE_PRODUCT = YES;
			};
			name = Release;
		};
		38655CDD2AD526830078F8F3 /* Debug */ = {
			isa = XCBuildConfiguration;
			buildSettings = {
				ASSETCATALOG_COMPILER_APPICON_NAME = AppIcon;
				ASSETCATALOG_COMPILER_GLOBAL_ACCENT_COLOR_NAME = AccentColor;
				CODE_SIGN_STYLE = Automatic;
				CURRENT_PROJECT_VERSION = 1;
				DEVELOPMENT_ASSET_PATHS = "\"MemoryGame/Preview Content\"";
				ENABLE_PREVIEWS = YES;
				GENERATE_INFOPLIST_FILE = YES;
				INFOPLIST_KEY_UIApplicationSceneManifest_Generation = YES;
				INFOPLIST_KEY_UIApplicationSupportsIndirectInputEvents = YES;
				INFOPLIST_KEY_UILaunchScreen_Generation = YES;
				INFOPLIST_KEY_UISupportedInterfaceOrientations_iPad = "UIInterfaceOrientationPortrait UIInterfaceOrientationPortraitUpsideDown UIInterfaceOrientationLandscapeLeft UIInterfaceOrientationLandscapeRight";
				INFOPLIST_KEY_UISupportedInterfaceOrientations_iPhone = "UIInterfaceOrientationPortrait UIInterfaceOrientationLandscapeLeft UIInterfaceOrientationLandscapeRight";
				LD_RUNPATH_SEARCH_PATHS = (
					"$(inherited)",
					"@executable_path/Frameworks",
				);
				MARKETING_VERSION = 1.0;
				PRODUCT_BUNDLE_IDENTIFIER = Caban.MemoryGame;
				PRODUCT_NAME = "$(TARGET_NAME)";
				SWIFT_EMIT_LOC_STRINGS = YES;
				SWIFT_VERSION = 5.0;
				TARGETED_DEVICE_FAMILY = "1,2";
			};
			name = Debug;
		};
		38655CDE2AD526830078F8F3 /* Release */ = {
			isa = XCBuildConfiguration;
			buildSettings = {
				ASSETCATALOG_COMPILER_APPICON_NAME = AppIcon;
				ASSETCATALOG_COMPILER_GLOBAL_ACCENT_COLOR_NAME = AccentColor;
				CODE_SIGN_STYLE = Automatic;
				CURRENT_PROJECT_VERSION = 1;
				DEVELOPMENT_ASSET_PATHS = "\"MemoryGame/Preview Content\"";
				ENABLE_PREVIEWS = YES;
				GENERATE_INFOPLIST_FILE = YES;
				INFOPLIST_KEY_UIApplicationSceneManifest_Generation = YES;
				INFOPLIST_KEY_UIApplicationSupportsIndirectInputEvents = YES;
				INFOPLIST_KEY_UILaunchScreen_Generation = YES;
				INFOPLIST_KEY_UISupportedInterfaceOrientations_iPad = "UIInterfaceOrientationPortrait UIInterfaceOrientationPortraitUpsideDown UIInterfaceOrientationLandscapeLeft UIInterfaceOrientationLandscapeRight";
				INFOPLIST_KEY_UISupportedInterfaceOrientations_iPhone = "UIInterfaceOrientationPortrait UIInterfaceOrientationLandscapeLeft UIInterfaceOrientationLandscapeRight";
				LD_RUNPATH_SEARCH_PATHS = (
					"$(inherited)",
					"@executable_path/Frameworks",
				);
				MARKETING_VERSION = 1.0;
				PRODUCT_BUNDLE_IDENTIFIER = Caban.MemoryGame;
				PRODUCT_NAME = "$(TARGET_NAME)";
				SWIFT_EMIT_LOC_STRINGS = YES;
				SWIFT_VERSION = 5.0;
				TARGETED_DEVICE_FAMILY = "1,2";
			};
			name = Release;
		};
		38655CE02AD526830078F8F3 /* Debug */ = {
			isa = XCBuildConfiguration;
			buildSettings = {
				ALWAYS_EMBED_SWIFT_STANDARD_LIBRARIES = YES;
				BUNDLE_LOADER = "$(TEST_HOST)";
				CODE_SIGN_STYLE = Automatic;
				CURRENT_PROJECT_VERSION = 1;
				GENERATE_INFOPLIST_FILE = YES;
				IPHONEOS_DEPLOYMENT_TARGET = 16.4;
				MARKETING_VERSION = 1.0;
				PRODUCT_BUNDLE_IDENTIFIER = Caban.MemoryGameTests;
				PRODUCT_NAME = "$(TARGET_NAME)";
				SWIFT_EMIT_LOC_STRINGS = NO;
				SWIFT_VERSION = 5.0;
				TARGETED_DEVICE_FAMILY = "1,2";
				TEST_HOST = "$(BUILT_PRODUCTS_DIR)/MemoryGame.app/$(BUNDLE_EXECUTABLE_FOLDER_PATH)/MemoryGame";
			};
			name = Debug;
		};
		38655CE12AD526830078F8F3 /* Release */ = {
			isa = XCBuildConfiguration;
			buildSettings = {
				ALWAYS_EMBED_SWIFT_STANDARD_LIBRARIES = YES;
				BUNDLE_LOADER = "$(TEST_HOST)";
				CODE_SIGN_STYLE = Automatic;
				CURRENT_PROJECT_VERSION = 1;
				GENERATE_INFOPLIST_FILE = YES;
				IPHONEOS_DEPLOYMENT_TARGET = 16.4;
				MARKETING_VERSION = 1.0;
				PRODUCT_BUNDLE_IDENTIFIER = Caban.MemoryGameTests;
				PRODUCT_NAME = "$(TARGET_NAME)";
				SWIFT_EMIT_LOC_STRINGS = NO;
				SWIFT_VERSION = 5.0;
				TARGETED_DEVICE_FAMILY = "1,2";
				TEST_HOST = "$(BUILT_PRODUCTS_DIR)/MemoryGame.app/$(BUNDLE_EXECUTABLE_FOLDER_PATH)/MemoryGame";
			};
			name = Release;
		};
		38655CE32AD526830078F8F3 /* Debug */ = {
			isa = XCBuildConfiguration;
			buildSettings = {
				ALWAYS_EMBED_SWIFT_STANDARD_LIBRARIES = YES;
				CODE_SIGN_STYLE = Automatic;
				CURRENT_PROJECT_VERSION = 1;
				GENERATE_INFOPLIST_FILE = YES;
				IPHONEOS_DEPLOYMENT_TARGET = 16.4;
				MARKETING_VERSION = 1.0;
				PRODUCT_BUNDLE_IDENTIFIER = Caban.MemoryGameUITests;
				PRODUCT_NAME = "$(TARGET_NAME)";
				SWIFT_EMIT_LOC_STRINGS = NO;
				SWIFT_VERSION = 5.0;
				TARGETED_DEVICE_FAMILY = "1,2";
				TEST_TARGET_NAME = MemoryGame;
			};
			name = Debug;
		};
		38655CE42AD526830078F8F3 /* Release */ = {
			isa = XCBuildConfiguration;
			buildSettings = {
				ALWAYS_EMBED_SWIFT_STANDARD_LIBRARIES = YES;
				CODE_SIGN_STYLE = Automatic;
				CURRENT_PROJECT_VERSION = 1;
				GENERATE_INFOPLIST_FILE = YES;
				IPHONEOS_DEPLOYMENT_TARGET = 16.4;
				MARKETING_VERSION = 1.0;
				PRODUCT_BUNDLE_IDENTIFIER = Caban.MemoryGameUITests;
				PRODUCT_NAME = "$(TARGET_NAME)";
				SWIFT_EMIT_LOC_STRINGS = NO;
				SWIFT_VERSION = 5.0;
				TARGETED_DEVICE_FAMILY = "1,2";
				TEST_TARGET_NAME = MemoryGame;
			};
			name = Release;
		};
/* End XCBuildConfiguration section */

/* Begin XCConfigurationList section */
		38655CB32AD526820078F8F3 /* Build configuration list for PBXProject "MemoryGame" */ = {
			isa = XCConfigurationList;
			buildConfigurations = (
				38655CDA2AD526830078F8F3 /* Debug */,
				38655CDB2AD526830078F8F3 /* Release */,
			);
			defaultConfigurationIsVisible = 0;
			defaultConfigurationName = Release;
		};
		38655CDC2AD526830078F8F3 /* Build configuration list for PBXNativeTarget "MemoryGame" */ = {
			isa = XCConfigurationList;
			buildConfigurations = (
				38655CDD2AD526830078F8F3 /* Debug */,
				38655CDE2AD526830078F8F3 /* Release */,
			);
			defaultConfigurationIsVisible = 0;
			defaultConfigurationName = Release;
		};
		38655CDF2AD526830078F8F3 /* Build configuration list for PBXNativeTarget "MemoryGameTests" */ = {
			isa = XCConfigurationList;
			buildConfigurations = (
				38655CE02AD526830078F8F3 /* Debug */,
				38655CE12AD526830078F8F3 /* Release */,
			);
			defaultConfigurationIsVisible = 0;
			defaultConfigurationName = Release;
		};
		38655CE22AD526830078F8F3 /* Build configuration list for PBXNativeTarget "MemoryGameUITests" */ = {
			isa = XCConfigurationList;
			buildConfigurations = (
				38655CE32AD526830078F8F3 /* Debug */,
				38655CE42AD526830078F8F3 /* Release */,
			);
			defaultConfigurationIsVisible = 0;
			defaultConfigurationName = Release;
		};
/* End XCConfigurationList section */
	};
	rootObject = 38655CB02AD526820078F8F3 /* Project object */;
}
